// !$*UTF8*$!
{
	archiveVersion = 1;
	classes = {
	};
	objectVersion = 46;
	objects = {

/* Begin PBXBuildFile section */
		106199C71BC66F4E00D6FD79 /* main.m in Sources */ = {isa = PBXBuildFile; fileRef = 106199C61BC66F4E00D6FD79 /* main.m */; };
		106199CA1BC66F4E00D6FD79 /* AppDelegate.m in Sources */ = {isa = PBXBuildFile; fileRef = 106199C91BC66F4E00D6FD79 /* AppDelegate.m */; };
		106199CD1BC66F4E00D6FD79 /* ViewController.m in Sources */ = {isa = PBXBuildFile; fileRef = 106199CC1BC66F4E00D6FD79 /* ViewController.m */; };
		106199D01BC66F4E00D6FD79 /* Main.storyboard in Resources */ = {isa = PBXBuildFile; fileRef = 106199CE1BC66F4E00D6FD79 /* Main.storyboard */; };
		106199D21BC66F4E00D6FD79 /* Assets.xcassets in Resources */ = {isa = PBXBuildFile; fileRef = 106199D11BC66F4E00D6FD79 /* Assets.xcassets */; };
		106199D51BC66F4E00D6FD79 /* LaunchScreen.storyboard in Resources */ = {isa = PBXBuildFile; fileRef = 106199D31BC66F4E00D6FD79 /* LaunchScreen.storyboard */; };
/* End PBXBuildFile section */

/* Begin PBXFileReference section */
		106199C21BC66F4E00D6FD79 /* AT1.app */ = {isa = PBXFileReference; explicitFileType = wrapper.application; includeInIndex = 0; path = AT1.app; sourceTree = BUILT_PRODUCTS_DIR; };
		106199C61BC66F4E00D6FD79 /* main.m */ = {isa = PBXFileReference; lastKnownFileType = sourcecode.c.objc; path = main.m; sourceTree = "<group>"; };
		106199C81BC66F4E00D6FD79 /* AppDelegate.h */ = {isa = PBXFileReference; lastKnownFileType = sourcecode.c.h; path = AppDelegate.h; sourceTree = "<group>"; };
		106199C91BC66F4E00D6FD79 /* AppDelegate.m */ = {isa = PBXFileReference; lastKnownFileType = sourcecode.c.objc; path = AppDelegate.m; sourceTree = "<group>"; };
		106199CB1BC66F4E00D6FD79 /* ViewController.h */ = {isa = PBXFileReference; lastKnownFileType = sourcecode.c.h; path = ViewController.h; sourceTree = "<group>"; };
		106199CC1BC66F4E00D6FD79 /* ViewController.m */ = {isa = PBXFileReference; lastKnownFileType = sourcecode.c.objc; path = ViewController.m; sourceTree = "<group>"; };
		106199CF1BC66F4E00D6FD79 /* Base */ = {isa = PBXFileReference; lastKnownFileType = file.storyboard; name = Base; path = Base.lproj/Main.storyboard; sourceTree = "<group>"; };
		106199D11BC66F4E00D6FD79 /* Assets.xcassets */ = {isa = PBXFileReference; lastKnownFileType = folder.assetcatalog; path = Assets.xcassets; sourceTree = "<group>"; };
		106199D41BC66F4E00D6FD79 /* Base */ = {isa = PBXFileReference; lastKnownFileType = file.storyboard; name = Base; path = Base.lproj/LaunchScreen.storyboard; sourceTree = "<group>"; };
		106199D61BC66F4E00D6FD79 /* Info.plist */ = {isa = PBXFileReference; lastKnownFileType = text.plist.xml; path = Info.plist; sourceTree = "<group>"; };
/* End PBXFileReference section */

/* Begin PBXFrameworksBuildPhase section */
		106199BF1BC66F4E00D6FD79 /* Frameworks */ = {
			isa = PBXFrameworksBuildPhase;
			buildActionMask = 2147483647;
			files = (
			);
			runOnlyForDeploymentPostprocessing = 0;
		};
/* End PBXFrameworksBuildPhase section */

/* Begin PBXGroup section */
		106199B91BC66F4E00D6FD79 = {
			isa = PBXGroup;
			children = (
				106199C41BC66F4E00D6FD79 /* AT1 */,
				106199C31BC66F4E00D6FD79 /* Products */,
			);
			sourceTree = "<group>";
		};
		106199C31BC66F4E00D6FD79 /* Products */ = {
			isa = PBXGroup;
			children = (
				106199C21BC66F4E00D6FD79 /* AT1.app */,
			);
			name = Products;
			sourceTree = "<group>";
		};
		106199C41BC66F4E00D6FD79 /* AT1 */ = {
			isa = PBXGroup;
			children = (
				106199C81BC66F4E00D6FD79 /* AppDelegate.h */,
				106199C91BC66F4E00D6FD79 /* AppDelegate.m */,
				106199CB1BC66F4E00D6FD79 /* ViewController.h */,
				106199CC1BC66F4E00D6FD79 /* ViewController.m */,
				106199CE1BC66F4E00D6FD79 /* Main.storyboard */,
				106199D11BC66F4E00D6FD79 /* Assets.xcassets */,
				106199D31BC66F4E00D6FD79 /* LaunchScreen.storyboard */,
				106199D61BC66F4E00D6FD79 /* Info.plist */,
				106199C51BC66F4E00D6FD79 /* Supporting Files */,
			);
			path = AT1;
			sourceTree = "<group>";
		};
		106199C51BC66F4E00D6FD79 /* Supporting Files */ = {
			isa = PBXGroup;
			children = (
				106199C61BC66F4E00D6FD79 /* main.m */,
			);
			name = "Supporting Files";
			sourceTree = "<group>";
		};
/* End PBXGroup section */

/* Begin PBXNativeTarget section */
		106199C11BC66F4E00D6FD79 /* AT1 */ = {
			isa = PBXNativeTarget;
			buildConfigurationList = 106199D91BC66F4E00D6FD79 /* Build configuration list for PBXNativeTarget "AT1" */;
			buildPhases = (
				106199BE1BC66F4E00D6FD79 /* Sources */,
				106199BF1BC66F4E00D6FD79 /* Frameworks */,
				106199C01BC66F4E00D6FD79 /* Resources */,
			);
			buildRules = (
			);
			dependencies = (
			);
			name = AT1;
			productName = AT1;
			productReference = 106199C21BC66F4E00D6FD79 /* AT1.app */;
			productType = "com.apple.product-type.application";
		};
/* End PBXNativeTarget section */

/* Begin PBXProject section */
		106199BA1BC66F4E00D6FD79 /* Project object */ = {
			isa = PBXProject;
			attributes = {
				LastUpgradeCheck = 0700;
				ORGANIZATIONNAME = zhangjingle;
				TargetAttributes = {
					106199C11BC66F4E00D6FD79 = {
						CreatedOnToolsVersion = 7.0;
					};
				};
			};
			buildConfigurationList = 106199BD1BC66F4E00D6FD79 /* Build configuration list for PBXProject "AT1" */;
			compatibilityVersion = "Xcode 3.2";
			developmentRegion = English;
			hasScannedForEncodings = 0;
			knownRegions = (
				en,
				Base,
			);
			mainGroup = 106199B91BC66F4E00D6FD79;
			productRefGroup = 106199C31BC66F4E00D6FD79 /* Products */;
			projectDirPath = "";
			projectRoot = "";
			targets = (
				106199C11BC66F4E00D6FD79 /* AT1 */,
			);
		};
/* End PBXProject section */

/* Begin PBXResourcesBuildPhase section */
		106199C01BC66F4E00D6FD79 /* Resources */ = {
			isa = PBXResourcesBuildPhase;
			buildActionMask = 2147483647;
			files = (
				106199D51BC66F4E00D6FD79 /* LaunchScreen.storyboard in Resources */,
				106199D21BC66F4E00D6FD79 /* Assets.xcassets in Resources */,
				106199D01BC66F4E00D6FD79 /* Main.storyboard in Resources */,
			);
			runOnlyForDeploymentPostprocessing = 0;
		};
/* End PBXResourcesBuildPhase section */

/* Begin PBXSourcesBuildPhase section */
		106199BE1BC66F4E00D6FD79 /* Sources */ = {
			isa = PBXSourcesBuildPhase;
			buildActionMask = 2147483647;
			files = (
				106199CD1BC66F4E00D6FD79 /* ViewController.m in Sources */,
				106199CA1BC66F4E00D6FD79 /* AppDelegate.m in Sources */,
				106199C71BC66F4E00D6FD79 /* main.m in Sources */,
			);
			runOnlyForDeploymentPostprocessing = 0;
		};
/* End PBXSourcesBuildPhase section */

/* Begin PBXVariantGroup section */
		106199CE1BC66F4E00D6FD79 /* Main.storyboard */ = {
			isa = PBXVariantGroup;
			children = (
				106199CF1BC66F4E00D6FD79 /* Base */,
			);
			name = Main.storyboard;
			sourceTree = "<group>";
		};
		106199D31BC66F4E00D6FD79 /* LaunchScreen.storyboard */ = {
			isa = PBXVariantGroup;
			children = (
				106199D41BC66F4E00D6FD79 /* Base */,
			);
			name = LaunchScreen.storyboard;
			sourceTree = "<group>";
		};
/* End PBXVariantGroup section */

/* Begin XCBuildConfiguration section */
		106199D71BC66F4E00D6FD79 /* Debug */ = {
			isa = XCBuildConfiguration;
			buildSettings = {
				ALWAYS_SEARCH_USER_PATHS = NO;
				CLANG_CXX_LANGUAGE_STANDARD = "gnu++0x";
				CLANG_CXX_LIBRARY = "libc++";
				CLANG_ENABLE_MODULES = YES;
				CLANG_ENABLE_OBJC_ARC = YES;
				CLANG_WARN_BOOL_CONVERSION = YES;
				CLANG_WARN_CONSTANT_CONVERSION = YES;
				CLANG_WARN_DIRECT_OBJC_ISA_USAGE = YES_ERROR;
				CLANG_WARN_EMPTY_BODY = YES;
				CLANG_WARN_ENUM_CONVERSION = YES;
				CLANG_WARN_INT_CONVERSION = YES;
				CLANG_WARN_OBJC_ROOT_CLASS = YES_ERROR;
				CLANG_WARN_UNREACHABLE_CODE = YES;
				CLANG_WARN__DUPLICATE_METHOD_MATCH = YES;
				"CODE_SIGN_IDENTITY[sdk=iphoneos*]" = "iPhone Developer";
				COPY_PHASE_STRIP = NO;
				DEBUG_INFORMATION_FORMAT = dwarf;
				ENABLE_STRICT_OBJC_MSGSEND = YES;
				ENABLE_TESTABILITY = YES;
				GCC_C_LANGUAGE_STANDARD = gnu99;
				GCC_DYNAMIC_NO_PIC = NO;
				GCC_NO_COMMON_BLOCKS = YES;
				GCC_OPTIMIZATION_LEVEL = 0;
				GCC_PREPROCESSOR_DEFINITIONS = (
					"DEBUG=1",
					"$(inherited)",
				);
				GCC_WARN_64_TO_32_BIT_CONVERSION = YES;
				GCC_WARN_ABOUT_RETURN_TYPE = YES_ERROR;
				GCC_WARN_UNDECLARED_SELECTOR = YES;
				GCC_WARN_UNINITIALIZED_AUTOS = YES_AGGRESSIVE;
				GCC_WARN_UNUSED_FUNCTION = YES;
				GCC_WARN_UNUSED_VARIABLE = YES;
				IPHONEOS_DEPLOYMENT_TARGET = 9.0;
				MTL_ENABLE_DEBUG_INFO = YES;
				ONLY_ACTIVE_ARCH = YES;
				SDKROOT = iphoneos;
			};
			name = Debug;
		};
		106199D81BC66F4E00D6FD79 /* Release */ = {
			isa = XCBuildConfiguration;
			buildSettings = {
				ALWAYS_SEARCH_USER_PATHS = NO;
				CLANG_CXX_LANGUAGE_STANDARD = "gnu++0x";
				CLANG_CXX_LIBRARY = "libc++";
				CLANG_ENABLE_MODULES = YES;
				CLANG_ENABLE_OBJC_ARC = YES;
				CLANG_WARN_BOOL_CONVERSION = YES;
				CLANG_WARN_CONSTANT_CONVERSION = YES;
				CLANG_WARN_DIRECT_OBJC_ISA_USAGE = YES_ERROR;
				CLANG_WARN_EMPTY_BODY = YES;
				CLANG_WARN_ENUM_CONVERSION = YES;
				CLANG_WARN_INT_CONVERSION = YES;
				CLANG_WARN_OBJC_ROOT_CLASS = YES_ERROR;
				CLANG_WARN_UNREACHABLE_CODE = YES;
				CLANG_WARN__DUPLICATE_METHOD_MATCH = YES;
				"CODE_SIGN_IDENTITY[sdk=iphoneos*]" = "iPhone Developer";
				COPY_PHASE_STRIP = NO;
				DEBUG_INFORMATION_FORMAT = "dwarf-with-dsym";
				ENABLE_NS_ASSERTIONS = NO;
				ENABLE_STRICT_OBJC_MSGSEND = YES;
				GCC_C_LANGUAGE_STANDARD = gnu99;
				GCC_NO_COMMON_BLOCKS = YES;
				GCC_WARN_64_TO_32_BIT_CONVERSION = YES;
				GCC_WARN_ABOUT_RETURN_TYPE = YES_ERROR;
				GCC_WARN_UNDECLARED_SELECTOR = YES;
				GCC_WARN_UNINITIALIZED_AUTOS = YES_AGGRESSIVE;
				GCC_WARN_UNUSED_FUNCTION = YES;
				GCC_WARN_UNUSED_VARIABLE = YES;
				IPHONEOS_DEPLOYMENT_TARGET = 9.0;
				MTL_ENABLE_DEBUG_INFO = NO;
				SDKROOT = iphoneos;
				VALIDATE_PRODUCT = YES;
			};
			name = Release;
		};
		106199DA1BC66F4E00D6FD79 /* Debug */ = {
			isa = XCBuildConfiguration;
			buildSettings = {
				ASSETCATALOG_COMPILER_APPICON_NAME = AppIcon;
				INFOPLIST_FILE = AT1/Info.plist;
				LD_RUNPATH_SEARCH_PATHS = "$(inherited) @executable_path/Frameworks";
				PRODUCT_BUNDLE_IDENTIFIER = com.zhangjingle.AT1;
				PRODUCT_NAME = "$(TARGET_NAME)";
			};
			name = Debug;
		};
		106199DB1BC66F4E00D6FD79 /* Release */ = {
			isa = XCBuildConfiguration;
			buildSettings = {
				ASSETCATALOG_COMPILER_APPICON_NAME = AppIcon;
				INFOPLIST_FILE = AT1/Info.plist;
				LD_RUNPATH_SEARCH_PATHS = "$(inherited) @executable_path/Frameworks";
				PRODUCT_BUNDLE_IDENTIFIER = com.zhangjingle.AT1;
				PRODUCT_NAME = "$(TARGET_NAME)";
			};
			name = Release;
		};
/* End XCBuildConfiguration section */

/* Begin XCConfigurationList section */
		106199BD1BC66F4E00D6FD79 /* Build configuration list for PBXProject "AT1" */ = {
			isa = XCConfigurationList;
			buildConfigurations = (
				106199D71BC66F4E00D6FD79 /* Debug */,
				106199D81BC66F4E00D6FD79 /* Release */,
			);
			defaultConfigurationIsVisible = 0;
			defaultConfigurationName = Release;
		};
		106199D91BC66F4E00D6FD79 /* Build configuration list for PBXNativeTarget "AT1" */ = {
			isa = XCConfigurationList;
			buildConfigurations = (
				106199DA1BC66F4E00D6FD79 /* Debug */,
				106199DB1BC66F4E00D6FD79 /* Release */,
			);
			defaultConfigurationIsVisible = 0;
		};
/* End XCConfigurationList section */
	};
	rootObject = 106199BA1BC66F4E00D6FD79 /* Project object */;
}
